
Microsoft Visual Studio Solution File, Format Version 12.00
# Visual Studio Version 16
VisualStudioVersion = 16.0.29609.76
MinimumVisualStudioVersion = 10.0.40219.1
Project("{FAE04EC0-301F-11D3-BF4B-00C04F79EFBC}") = "Mod1_Lab3", "Mod1_Lab3\Mod1_Lab3.csproj", "{73976066-3861-4B9B-B97F-B4D2191438B4}"
EndProject
Global
	GlobalSection(SolutionConfigurationPlatforms) = preSolution
		Debug|Any CPU = Debug|Any CPU
		Release|Any CPU = Release|Any CPU
	EndGlobalSection
	GlobalSection(ProjectConfigurationPlatforms) = postSolution
		{73976066-3861-4B9B-B97F-B4D2191438B4}.Debug|Any CPU.ActiveCfg = Debug|Any CPU
		{73976066-3861-4B9B-B97F-B4D2191438B4}.Debug|Any CPU.Build.0 = Debug|Any CPU
		{73976066-3861-4B9B-B97F-B4D2191438B4}.Release|Any CPU.ActiveCfg = Release|Any CPU
		{73976066-3861-4B9B-B97F-B4D2191438B4}.Release|Any CPU.Build.0 = Release|Any CPU
	EndGlobalSection
	GlobalSection(SolutionProperties) = preSolution
		HideSolutionNode = FALSE
	EndGlobalSection
	GlobalSection(ExtensibilityGlobals) = postSolution
		SolutionGuid = {087FAE06-21B6-4910-973F-6301AF388E39}
	EndGlobalSection
EndGlobal
