
Microsoft Visual Studio Solution File, Format Version 12.00
# Visual Studio Version 16
VisualStudioVersion = 16.0.29609.76
MinimumVisualStudioVersion = 10.0.40219.1
Project("{FAE04EC0-301F-11D3-BF4B-00C04F79EFBC}") = "Mod2_SelfAssesmentLab", "Mod2_SelfAssesmentLab.csproj", "{9E8572E0-29A1-47FE-A1F0-9CB2E7789765}"
EndProject
Global
	GlobalSection(SolutionConfigurationPlatforms) = preSolution
		Debug|Any CPU = Debug|Any CPU
		Release|Any CPU = Release|Any CPU
	EndGlobalSection
	GlobalSection(ProjectConfigurationPlatforms) = postSolution
		{9E8572E0-29A1-47FE-A1F0-9CB2E7789765}.Debug|Any CPU.ActiveCfg = Debug|Any CPU
		{9E8572E0-29A1-47FE-A1F0-9CB2E7789765}.Debug|Any CPU.Build.0 = Debug|Any CPU
		{9E8572E0-29A1-47FE-A1F0-9CB2E7789765}.Release|Any CPU.ActiveCfg = Release|Any CPU
		{9E8572E0-29A1-47FE-A1F0-9CB2E7789765}.Release|Any CPU.Build.0 = Release|Any CPU
	EndGlobalSection
	GlobalSection(SolutionProperties) = preSolution
		HideSolutionNode = FALSE
	EndGlobalSection
	GlobalSection(ExtensibilityGlobals) = postSolution
		SolutionGuid = {06E9166E-6E48-4FF8-A347-2E1EC77DA0FF}
	EndGlobalSection
EndGlobal
